
Microsoft Visual Studio Solution File, Format Version 12.00
# Visual Studio Version 16
VisualStudioVersion = 16.0.32510.428
MinimumVisualStudioVersion = 10.0.40219.1
Project("{9A19103F-16F7-4668-BE54-9A1E7A4F7556}") = "Restless.Tiingo", "Restless.Tiingo\Restless.Tiingo.csproj", "{95654117-68B0-4DC0-9AB9-E60DC3445706}"
EndProject
Global
	GlobalSection(SolutionConfigurationPlatforms) = preSolution
		Debug|Any CPU = Debug|Any CPU
		Release|Any CPU = Release|Any CPU
	EndGlobalSection
	GlobalSection(ProjectConfigurationPlatforms) = postSolution
		{95654117-68B0-4DC0-9AB9-E60DC3445706}.Debug|Any CPU.ActiveCfg = Debug|Any CPU
		{95654117-68B0-4DC0-9AB9-E60DC3445706}.Debug|Any CPU.Build.0 = Debug|Any CPU
		{95654117-68B0-4DC0-9AB9-E60DC3445706}.Release|Any CPU.ActiveCfg = Release|Any CPU
		{95654117-68B0-4DC0-9AB9-E60DC3445706}.Release|Any CPU.Build.0 = Release|Any CPU
	EndGlobalSection
	GlobalSection(SolutionProperties) = preSolution
		HideSolutionNode = FALSE
	EndGlobalSection
	GlobalSection(ExtensibilityGlobals) = postSolution
		SolutionGuid = {12B3A2D5-F516-4379-B580-6BB73A7E2E31}
	EndGlobalSection
EndGlobal
